
Microsoft Visual Studio Solution File, Format Version 12.00
# Visual Studio Version 16
VisualStudioVersion = 16.0.33529.622
MinimumVisualStudioVersion = 10.0.40219.1
Project("{FAE04EC0-301F-11D3-BF4B-00C04F79EFBC}") = "Employee_Mgt_System", "Employee_Mgt_System.csproj", "{2C7E502D-67A9-4A33-8A58-BB3FEDB3C201}"
EndProject
Global
	GlobalSection(SolutionConfigurationPlatforms) = preSolution
		Debug|Any CPU = Debug|Any CPU
		Release|Any CPU = Release|Any CPU
	EndGlobalSection
	GlobalSection(ProjectConfigurationPlatforms) = postSolution
		{2C7E502D-67A9-4A33-8A58-BB3FEDB3C201}.Debug|Any CPU.ActiveCfg = Debug|Any CPU
		{2C7E502D-67A9-4A33-8A58-BB3FEDB3C201}.Debug|Any CPU.Build.0 = Debug|Any CPU
		{2C7E502D-67A9-4A33-8A58-BB3FEDB3C201}.Release|Any CPU.ActiveCfg = Release|Any CPU
		{2C7E502D-67A9-4A33-8A58-BB3FEDB3C201}.Release|Any CPU.Build.0 = Release|Any CPU
	EndGlobalSection
	GlobalSection(SolutionProperties) = preSolution
		HideSolutionNode = FALSE
	EndGlobalSection
	GlobalSection(ExtensibilityGlobals) = postSolution
		SolutionGuid = {80610332-F63E-4CB0-AD97-9A6B9A253AAF}
	EndGlobalSection
EndGlobal
